<?xml version="1.0"?>
<CONFIG>
  <ProjectOptions>
    <Version Value="9"/>
    <General>
      <MainUnit Value="0"/>
      <ResourceType Value="res"/>
      <UseXPManifest Value="True"/>
      <Icon Value="0"/>
      <ActiveWindowIndexAtStart Value="0"/>
    </General>
    <i18n>
      <EnableI18N LFM="False"/>
    </i18n>
    <VersionInfo>
      <StringTable ProductVersion=""/>
    </VersionInfo>
    <BuildModes Count="1" Active="Default">
      <Item1 Name="Default" Default="True"/>
    </BuildModes>
    <PublishOptions>
      <Version Value="2"/>
      <IncludeFileFilter Value="*.(pas|pp|inc|lfm|lpr|lrs|lpi|lpk|sh|xml)"/>
      <ExcludeFileFilter Value="*.(bak|ppu|o|so);*~;backup"/>
    </PublishOptions>
    <RunParams>
      <local>
        <FormatVersion Value="1"/>
        <LaunchingApplication PathPlusParams="/usr/bin/xterm -T 'Lazarus Run Output' -e $(LazarusDir)/tools/runwait.sh $(TargetCmdLine)"/>
      </local>
    </RunParams>
    <RequiredPackages Count="3">
      <Item1>
        <PackageName Value="FCL"/>
        <MinVersion Major="1" Valid="True"/>
      </Item1>
      <Item2>
        <PackageName Value="SQLDBLaz"/>
        <MinVersion Major="1" Release="1" Valid="True"/>
      </Item2>
      <Item3>
        <PackageName Value="LCL"/>
      </Item3>
    </RequiredPackages>
    <Units Count="42">
      <Unit0>
        <Filename Value="cqrtest.lpr"/>
        <IsPartOfProject Value="True"/>
        <UnitName Value="cqrtest"/>
        <EditorIndex Value="4"/>
        <WindowIndex Value="0"/>
        <TopLine Value="1"/>
        <CursorPos X="47" Y="20"/>
        <UsageCount Value="182"/>
        <Loaded Value="True"/>
      </Unit0>
      <Unit1>
        <Filename Value="fmain.pas"/>
        <IsPartOfProject Value="True"/>
        <ComponentName Value="frmMain"/>
        <HasResources Value="True"/>
        <ResourceBaseClass Value="Form"/>
        <UnitName Value="fMain"/>
        <EditorIndex Value="0"/>
        <WindowIndex Value="0"/>
        <TopLine Value="158"/>
        <CursorPos X="1" Y="181"/>
        <UsageCount Value="182"/>
        <Loaded Value="True"/>
        <LoadedDesigner Value="True"/>
      </Unit1>
      <Unit2>
        <Filename Value="uCfgStorage.pas"/>
        <IsPartOfProject Value="True"/>
        <UnitName Value="uCfgStorage"/>
        <WindowIndex Value="0"/>
        <TopLine Value="1"/>
        <CursorPos X="17" Y="1"/>
        <UsageCount Value="176"/>
      </Unit2>
      <Unit3>
        <Filename Value="dData.pas"/>
        <IsPartOfProject Value="True"/>
        <ComponentName Value="dmData"/>
        <HasResources Value="True"/>
        <ResourceBaseClass Value="DataModule"/>
        <UnitName Value="dData"/>
        <IsVisibleTab Value="True"/>
        <EditorIndex Value="5"/>
        <WindowIndex Value="0"/>
        <TopLine Value="349"/>
        <CursorPos X="62" Y="371"/>
        <UsageCount Value="147"/>
        <Loaded Value="True"/>
        <LoadedDesigner Value="True"/>
      </Unit3>
      <Unit4>
        <Filename Value="dUtils.pas"/>
        <IsPartOfProject Value="True"/>
        <ComponentName Value="dmUtils"/>
        <HasResources Value="True"/>
        <ResourceBaseClass Value="DataModule"/>
        <UnitName Value="dUtils"/>
        <EditorIndex Value="10"/>
        <WindowIndex Value="0"/>
        <TopLine Value="21"/>
        <CursorPos X="24" Y="43"/>
        <UsageCount Value="147"/>
        <Loaded Value="True"/>
        <LoadedDesigner Value="True"/>
      </Unit4>
      <Unit5>
        <Filename Value="fCommonLocal.pas"/>
        <IsPartOfProject Value="True"/>
        <ComponentName Value="frmCommonLocal"/>
        <HasResources Value="True"/>
        <ResourceBaseClass Value="Form"/>
        <UnitName Value="fCommonLocal"/>
        <WindowIndex Value="0"/>
        <TopLine Value="1"/>
        <CursorPos X="3" Y="14"/>
        <UsageCount Value="147"/>
      </Unit5>
      <Unit6>
        <Filename Value="/usr/share/fpcsrc/2.4.4/packages/fcl-base/src/inifiles.pp"/>
        <UnitName Value="IniFiles"/>
        <WindowIndex Value="0"/>
        <TopLine Value="125"/>
        <CursorPos X="75" Y="153"/>
        <UsageCount Value="10"/>
      </Unit6>
      <Unit7>
        <Filename Value="fCommonGlobal.pas"/>
        <IsPartOfProject Value="True"/>
        <ComponentName Value="frmCommonGlobal"/>
        <ResourceBaseClass Value="Form"/>
        <UnitName Value="fCommonGlobal"/>
        <WindowIndex Value="0"/>
        <TopLine Value="28"/>
        <CursorPos X="26" Y="45"/>
        <UsageCount Value="142"/>
      </Unit7>
      <Unit8>
        <Filename Value="fDBConnect.lfm"/>
        <WindowIndex Value="0"/>
        <TopLine Value="1"/>
        <CursorPos X="1" Y="1"/>
        <UsageCount Value="10"/>
        <DefaultSyntaxHighlighter Value="LFM"/>
      </Unit8>
      <Unit9>
        <Filename Value="fDBConnect.pas"/>
        <IsPartOfProject Value="True"/>
        <ComponentName Value="frmDBConnect"/>
        <HasResources Value="True"/>
        <ResourceBaseClass Value="Form"/>
        <UnitName Value="fDBConnect"/>
        <EditorIndex Value="6"/>
        <WindowIndex Value="0"/>
        <TopLine Value="110"/>
        <CursorPos X="8" Y="110"/>
        <UsageCount Value="142"/>
        <Bookmarks Count="1">
          <Item0 X="3" Y="346" ID="2"/>
        </Bookmarks>
        <Loaded Value="True"/>
        <LoadedDesigner Value="True"/>
      </Unit9>
      <Unit10>
        <Filename Value="/usr/lib/lazarus/0.9.30.2/lcl/include/customform.inc"/>
        <WindowIndex Value="0"/>
        <TopLine Value="2093"/>
        <CursorPos X="1" Y="2112"/>
        <UsageCount Value="1"/>
      </Unit10>
      <Unit11>
        <Filename Value="mysql/mysql.inc"/>
        <WindowIndex Value="0"/>
        <TopLine Value="290"/>
        <CursorPos X="1" Y="290"/>
        <UsageCount Value="10"/>
      </Unit11>
      <Unit12>
        <Filename Value="mysql/mysql55dyn.pp"/>
        <UnitName Value="mysql55dyn"/>
        <WindowIndex Value="0"/>
        <TopLine Value="1"/>
        <CursorPos X="7" Y="10"/>
        <UsageCount Value="10"/>
      </Unit12>
      <Unit13>
        <Filename Value="mysql/mysql55conn.pas"/>
        <UnitName Value="mysql55conn"/>
        <WindowIndex Value="0"/>
        <TopLine Value="1"/>
        <CursorPos X="11" Y="11"/>
        <UsageCount Value="10"/>
      </Unit13>
      <Unit14>
        <Filename Value="mysql/mysqlconn.inc"/>
        <WindowIndex Value="0"/>
        <TopLine Value="147"/>
        <CursorPos X="1" Y="147"/>
        <UsageCount Value="10"/>
      </Unit14>
      <Unit15>
        <Filename Value="/usr/share/fpcsrc/2.4.4/packages/fcl-process/src/process.pp"/>
        <UnitName Value="process"/>
        <WindowIndex Value="0"/>
        <TopLine Value="93"/>
        <CursorPos X="14" Y="110"/>
        <UsageCount Value="2"/>
      </Unit15>
      <Unit16>
        <Filename Value="/usr/share/fpcsrc/2.4.4/packages/fcl-process/src/unix/process.inc"/>
        <WindowIndex Value="0"/>
        <TopLine Value="416"/>
        <CursorPos X="3" Y="430"/>
        <UsageCount Value="1"/>
      </Unit16>
      <Unit17>
        <Filename Value="/usr/share/fpcsrc/2.4.4/rtl/unix/bunxh.inc"/>
        <WindowIndex Value="0"/>
        <TopLine Value="48"/>
        <CursorPos X="15" Y="65"/>
        <UsageCount Value="10"/>
      </Unit17>
      <Unit18>
        <Filename Value="/usr/lib/lazarus/0.9.30.2/lcl/include/control.inc"/>
        <WindowIndex Value="0"/>
        <TopLine Value="2273"/>
        <CursorPos X="67" Y="2291"/>
        <UsageCount Value="10"/>
      </Unit18>
      <Unit19>
        <Filename Value="../../cqrlog/src/fPreferences.pas"/>
        <ComponentName Value="frmPreferences"/>
        <HasResources Value="True"/>
        <ResourceBaseClass Value="Form"/>
        <UnitName Value="fPreferences"/>
        <WindowIndex Value="0"/>
        <TopLine Value="2171"/>
        <CursorPos X="60" Y="2173"/>
        <UsageCount Value="12"/>
      </Unit19>
      <Unit20>
        <Filename Value="fGlobalSettings.pas"/>
        <IsPartOfProject Value="True"/>
        <ComponentName Value="frmGlobalSettings"/>
        <HasResources Value="True"/>
        <ResourceBaseClass Value="Form"/>
        <UnitName Value="fGlobalSettings"/>
        <EditorIndex Value="3"/>
        <WindowIndex Value="0"/>
        <TopLine Value="343"/>
        <CursorPos X="3" Y="381"/>
        <UsageCount Value="135"/>
        <Loaded Value="True"/>
        <LoadedDesigner Value="True"/>
      </Unit20>
      <Unit21>
        <Filename Value="frstation.pas"/>
        <IsPartOfProject Value="True"/>
        <ComponentName Value="fraStation"/>
        <HasResources Value="True"/>
        <ResourceBaseClass Value="Frame"/>
        <UnitName Value="frStation"/>
        <WindowIndex Value="0"/>
        <TopLine Value="34"/>
        <CursorPos X="60" Y="56"/>
        <UsageCount Value="133"/>
      </Unit21>
      <Unit22>
        <Filename Value="frbands.pas"/>
        <IsPartOfProject Value="True"/>
        <ComponentName Value="fraBands"/>
        <HasResources Value="True"/>
        <ResourceBaseClass Value="Frame"/>
        <UnitName Value="frBands"/>
        <WindowIndex Value="0"/>
        <TopLine Value="1"/>
        <CursorPos X="1" Y="28"/>
        <UsageCount Value="132"/>
      </Unit22>
      <Unit23>
        <Filename Value="frVisibleColumns.pas"/>
        <IsPartOfProject Value="True"/>
        <ComponentName Value="fraVisibleColumns"/>
        <HasResources Value="True"/>
        <ResourceBaseClass Value="Frame"/>
        <UnitName Value="frVisibleColumns"/>
        <WindowIndex Value="0"/>
        <TopLine Value="58"/>
        <CursorPos X="59" Y="91"/>
        <UsageCount Value="131"/>
      </Unit23>
      <Unit24>
        <Filename Value="fabout.pas"/>
        <IsPartOfProject Value="True"/>
        <ComponentName Value="frmAbout"/>
        <ResourceBaseClass Value="Form"/>
        <UnitName Value="fAbout"/>
        <WindowIndex Value="0"/>
        <TopLine Value="1"/>
        <CursorPos X="52" Y="22"/>
        <UsageCount Value="129"/>
      </Unit24>
      <Unit25>
        <Filename Value="fGrayline.pas"/>
        <IsPartOfProject Value="True"/>
        <ComponentName Value="frmGrayline"/>
        <HasResources Value="True"/>
        <ResourceBaseClass Value="Form"/>
        <UnitName Value="fGrayline"/>
        <WindowIndex Value="0"/>
        <TopLine Value="41"/>
        <CursorPos X="62" Y="50"/>
        <UsageCount Value="124"/>
      </Unit25>
      <Unit26>
        <Filename Value="gline2.pas"/>
        <UnitName Value="gline2"/>
        <WindowIndex Value="0"/>
        <TopLine Value="415"/>
        <CursorPos X="1" Y="431"/>
        <UsageCount Value="3"/>
      </Unit26>
      <Unit27>
        <Filename Value="fImportProgress.pas"/>
        <IsPartOfProject Value="True"/>
        <HasResources Value="True"/>
        <UnitName Value="fImportProgress"/>
        <EditorIndex Value="7"/>
        <WindowIndex Value="0"/>
        <TopLine Value="134"/>
        <CursorPos X="58" Y="168"/>
        <UsageCount Value="124"/>
        <Loaded Value="True"/>
      </Unit27>
      <Unit28>
        <Filename Value="httpsend.pas"/>
        <UnitName Value="httpsend"/>
        <WindowIndex Value="0"/>
        <TopLine Value="45"/>
        <CursorPos X="3" Y="61"/>
        <UsageCount Value="3"/>
      </Unit28>
      <Unit29>
        <Filename Value="blcksock.pas"/>
        <UnitName Value="blcksock"/>
        <WindowIndex Value="0"/>
        <TopLine Value="76"/>
        <CursorPos X="1" Y="91"/>
        <UsageCount Value="2"/>
      </Unit29>
      <Unit30>
        <Filename Value="synsock.pas"/>
        <UnitName Value="synsock"/>
        <WindowIndex Value="0"/>
        <TopLine Value="36"/>
        <CursorPos X="6" Y="59"/>
        <UsageCount Value="2"/>
      </Unit30>
      <Unit31>
        <Filename Value="dDXCC.pas"/>
        <IsPartOfProject Value="True"/>
        <ComponentName Value="dmDXCC"/>
        <HasResources Value="True"/>
        <ResourceBaseClass Value="DataModule"/>
        <UnitName Value="dDXCC"/>
        <EditorIndex Value="9"/>
        <WindowIndex Value="0"/>
        <TopLine Value="48"/>
        <CursorPos X="68" Y="65"/>
        <UsageCount Value="121"/>
        <Loaded Value="True"/>
        <LoadedDesigner Value="True"/>
      </Unit31>
      <Unit32>
        <Filename Value="fBandMapRig1VfoA.pas"/>
        <IsPartOfProject Value="True"/>
        <ComponentName Value="frmBandMapRig1VfoA"/>
        <HasResources Value="True"/>
        <ResourceBaseClass Value="Form"/>
        <UnitName Value="fBandMapRig1VfoA"/>
        <WindowIndex Value="0"/>
        <TopLine Value="1"/>
        <CursorPos X="15" Y="109"/>
        <UsageCount Value="115"/>
        <Bookmarks Count="1">
          <Item0 X="13" Y="478" ID="2"/>
        </Bookmarks>
      </Unit32>
      <Unit33>
        <Filename Value="jakozememo.pas"/>
        <IsPartOfProject Value="True"/>
        <UnitName Value="jakozememo"/>
        <WindowIndex Value="0"/>
        <TopLine Value="191"/>
        <CursorPos X="1" Y="206"/>
        <UsageCount Value="115"/>
      </Unit33>
      <Unit34>
        <Filename Value="znacmech.pas"/>
        <UnitName Value="znacmech"/>
        <WindowIndex Value="0"/>
        <TopLine Value="1"/>
        <CursorPos X="1" Y="24"/>
        <UsageCount Value="3"/>
      </Unit34>
      <Unit35>
        <Filename Value="fDXCluster.pas"/>
        <IsPartOfProject Value="True"/>
        <ComponentName Value="frmDXCluster"/>
        <HasResources Value="True"/>
        <ResourceBaseClass Value="Form"/>
        <UnitName Value="fDXCluster"/>
        <WindowIndex Value="0"/>
        <TopLine Value="299"/>
        <CursorPos X="22" Y="307"/>
        <UsageCount Value="112"/>
        <Bookmarks Count="1">
          <Item0 X="3" Y="348" ID="1"/>
        </Bookmarks>
      </Unit35>
      <Unit36>
        <Filename Value="fDXClusterList.pas"/>
        <IsPartOfProject Value="True"/>
        <ComponentName Value="frmDXClusterList"/>
        <HasResources Value="True"/>
        <ResourceBaseClass Value="Form"/>
        <UnitName Value="fDXClusterList"/>
        <WindowIndex Value="0"/>
        <TopLine Value="120"/>
        <CursorPos X="48" Y="137"/>
        <UsageCount Value="112"/>
        <Bookmarks Count="1">
          <Item0 X="3" Y="73" ID="1"/>
        </Bookmarks>
      </Unit36>
      <Unit37>
        <Filename Value="fNewDXCluster.pas"/>
        <IsPartOfProject Value="True"/>
        <HasResources Value="True"/>
        <UnitName Value="fNewDXCluster"/>
        <WindowIndex Value="0"/>
        <TopLine Value="15"/>
        <CursorPos X="1" Y="45"/>
        <UsageCount Value="112"/>
      </Unit37>
      <Unit38>
        <Filename Value="../../cqrlog/src/dData.pas"/>
        <ComponentName Value="dmData"/>
        <HasResources Value="True"/>
        <ResourceBaseClass Value="DataModule"/>
        <UnitName Value="dData"/>
        <EditorIndex Value="8"/>
        <WindowIndex Value="0"/>
        <TopLine Value="61"/>
        <CursorPos X="1" Y="61"/>
        <UsageCount Value="54"/>
        <Loaded Value="True"/>
        <LoadedDesigner Value="True"/>
      </Unit38>
      <Unit39>
        <Filename Value="fNewLog.pas"/>
        <IsPartOfProject Value="True"/>
        <ComponentName Value="frmNewLog"/>
        <HasResources Value="True"/>
        <ResourceBaseClass Value="Form"/>
        <UnitName Value="fNewLog"/>
        <WindowIndex Value="0"/>
        <TopLine Value="1"/>
        <CursorPos X="34" Y="9"/>
        <UsageCount Value="108"/>
      </Unit39>
      <Unit40>
        <Filename Value="fNewQSO.pas"/>
        <IsPartOfProject Value="True"/>
        <ComponentName Value="frmNewQSO"/>
        <HasResources Value="True"/>
        <ResourceBaseClass Value="Form"/>
        <UnitName Value="fNewQSO"/>
        <EditorIndex Value="1"/>
        <WindowIndex Value="0"/>
        <TopLine Value="207"/>
        <CursorPos X="51" Y="225"/>
        <UsageCount Value="45"/>
        <Loaded Value="True"/>
        <LoadedDesigner Value="True"/>
      </Unit40>
      <Unit41>
        <Filename Value="uCWKeying.pas"/>
        <UnitName Value="uCWKeying"/>
        <EditorIndex Value="2"/>
        <WindowIndex Value="0"/>
        <TopLine Value="1"/>
        <CursorPos X="22" Y="8"/>
        <UsageCount Value="16"/>
        <Loaded Value="True"/>
      </Unit41>
    </Units>
    <JumpHistory Count="30" HistoryIndex="29">
      <Position1>
        <Filename Value="fDBConnect.pas"/>
        <Caret Line="297" Column="80" TopLine="269"/>
      </Position1>
      <Position2>
        <Filename Value="fDBConnect.pas"/>
        <Caret Line="419" Column="42" TopLine="396"/>
      </Position2>
      <Position3>
        <Filename Value="fDBConnect.pas"/>
        <Caret Line="430" Column="7" TopLine="407"/>
      </Position3>
      <Position4>
        <Filename Value="fDBConnect.pas"/>
        <Caret Line="463" Column="3" TopLine="460"/>
      </Position4>
      <Position5>
        <Filename Value="fDBConnect.pas"/>
        <Caret Line="461" Column="1" TopLine="445"/>
      </Position5>
      <Position6>
        <Filename Value="fDBConnect.pas"/>
        <Caret Line="67" Column="1" TopLine="46"/>
      </Position6>
      <Position7>
        <Filename Value="fDBConnect.pas"/>
        <Caret Line="425" Column="57" TopLine="412"/>
      </Position7>
      <Position8>
        <Filename Value="fDBConnect.pas"/>
        <Caret Line="424" Column="57" TopLine="411"/>
      </Position8>
      <Position9>
        <Filename Value="fDBConnect.pas"/>
        <Caret Line="423" Column="57" TopLine="410"/>
      </Position9>
      <Position10>
        <Filename Value="fDBConnect.pas"/>
        <Caret Line="422" Column="57" TopLine="409"/>
      </Position10>
      <Position11>
        <Filename Value="fDBConnect.pas"/>
        <Caret Line="421" Column="57" TopLine="408"/>
      </Position11>
      <Position12>
        <Filename Value="fDBConnect.pas"/>
        <Caret Line="420" Column="57" TopLine="407"/>
      </Position12>
      <Position13>
        <Filename Value="fDBConnect.pas"/>
        <Caret Line="419" Column="57" TopLine="406"/>
      </Position13>
      <Position14>
        <Filename Value="fDBConnect.pas"/>
        <Caret Line="418" Column="57" TopLine="405"/>
      </Position14>
      <Position15>
        <Filename Value="fDBConnect.pas"/>
        <Caret Line="417" Column="57" TopLine="404"/>
      </Position15>
      <Position16>
        <Filename Value="fDBConnect.pas"/>
        <Caret Line="416" Column="57" TopLine="403"/>
      </Position16>
      <Position17>
        <Filename Value="fDBConnect.pas"/>
        <Caret Line="338" Column="1" TopLine="317"/>
      </Position17>
      <Position18>
        <Filename Value="fDBConnect.pas"/>
        <Caret Line="332" Column="3" TopLine="332"/>
      </Position18>
      <Position19>
        <Filename Value="fDBConnect.pas"/>
        <Caret Line="64" Column="1" TopLine="24"/>
      </Position19>
      <Position20>
        <Filename Value="fDBConnect.pas"/>
        <Caret Line="63" Column="1" TopLine="23"/>
      </Position20>
      <Position21>
        <Filename Value="fDBConnect.pas"/>
        <Caret Line="43" Column="76" TopLine="23"/>
      </Position21>
      <Position22>
        <Filename Value="fmain.pas"/>
        <Caret Line="78" Column="9" TopLine="74"/>
      </Position22>
      <Position23>
        <Filename Value="fDBConnect.pas"/>
        <Caret Line="134" Column="105" TopLine="104"/>
      </Position23>
      <Position24>
        <Filename Value="fDBConnect.pas"/>
        <Caret Line="419" Column="42" TopLine="396"/>
      </Position24>
      <Position25>
        <Filename Value="fDBConnect.pas"/>
        <Caret Line="430" Column="7" TopLine="407"/>
      </Position25>
      <Position26>
        <Filename Value="fDBConnect.pas"/>
        <Caret Line="477" Column="9" TopLine="454"/>
      </Position26>
      <Position27>
        <Filename Value="fDBConnect.pas"/>
        <Caret Line="480" Column="44" TopLine="488"/>
      </Position27>
      <Position28>
        <Filename Value="fDBConnect.pas"/>
        <Caret Line="232" Column="3" TopLine="230"/>
      </Position28>
      <Position29>
        <Filename Value="fDBConnect.pas"/>
        <Caret Line="537" Column="61" TopLine="509"/>
      </Position29>
      <Position30>
        <Filename Value="fImportProgress.pas"/>
        <Caret Line="285" Column="82" TopLine="255"/>
      </Position30>
    </JumpHistory>
  </ProjectOptions>
  <CompilerOptions>
    <Version Value="11"/>
    <Target>
      <Filename Value="cqrtest"/>
    </Target>
    <SearchPaths>
      <IncludeFiles Value="$(ProjOutDir)"/>
      <OtherUnitFiles Value="mysql;lnet/lib"/>
      <UnitOutputDirectory Value="lib/$(TargetCPU)-$(TargetOS)"/>
    </SearchPaths>
    <Linking>
      <Options>
        <Win32>
          <GraphicApplication Value="True"/>
        </Win32>
      </Options>
    </Linking>
    <Other>
      <CompilerMessages>
        <UseMsgFile Value="True"/>
      </CompilerMessages>
      <CompilerPath Value="$(CompPath)"/>
    </Other>
  </CompilerOptions>
  <Debugging>
    <Exceptions Count="3">
      <Item1>
        <Name Value="EAbort"/>
      </Item1>
      <Item2>
        <Name Value="ECodetoolError"/>
      </Item2>
      <Item3>
        <Name Value="EFOpenError"/>
      </Item3>
    </Exceptions>
  </Debugging>
</CONFIG>
