<?xml version="1.0"?>
<CONFIG>
  <ProjectOptions>
    <Version Value="9"/>
    <General>
      <MainUnit Value="0"/>
      <ResourceType Value="res"/>
      <UseXPManifest Value="True"/>
      <Icon Value="0"/>
      <ActiveWindowIndexAtStart Value="0"/>
    </General>
    <i18n>
      <EnableI18N LFM="False"/>
    </i18n>
    <VersionInfo>
      <StringTable ProductVersion=""/>
    </VersionInfo>
    <BuildModes Count="1" Active="Default">
      <Item1 Name="Default" Default="True"/>
    </BuildModes>
    <PublishOptions>
      <Version Value="2"/>
      <IncludeFileFilter Value="*.(pas|pp|inc|lfm|lpr|lrs|lpi|lpk|sh|xml)"/>
      <ExcludeFileFilter Value="*.(bak|ppu|o|so);*~;backup"/>
    </PublishOptions>
    <RunParams>
      <local>
        <FormatVersion Value="1"/>
        <LaunchingApplication PathPlusParams="/usr/bin/xterm -T 'Lazarus Run Output' -e $(LazarusDir)/tools/runwait.sh $(TargetCmdLine)"/>
      </local>
    </RunParams>
    <RequiredPackages Count="1">
      <Item1>
        <PackageName Value="LCL"/>
      </Item1>
    </RequiredPackages>
    <Units Count="10">
      <Unit0>
        <Filename Value="cqrtest.lpr"/>
        <IsPartOfProject Value="True"/>
        <UnitName Value="cqrtest"/>
        <EditorIndex Value="6"/>
        <WindowIndex Value="0"/>
        <TopLine Value="1"/>
        <CursorPos X="45" Y="18"/>
        <UsageCount Value="60"/>
        <Loaded Value="True"/>
      </Unit0>
      <Unit1>
        <Filename Value="fmain.pas"/>
        <IsPartOfProject Value="True"/>
        <ComponentName Value="frmMain"/>
        <ResourceBaseClass Value="Form"/>
        <UnitName Value="fMain"/>
        <EditorIndex Value="0"/>
        <WindowIndex Value="0"/>
        <TopLine Value="1"/>
        <CursorPos X="10" Y="1"/>
        <UsageCount Value="60"/>
        <Bookmarks Count="1">
          <Item0 X="1" Y="152" ID="1"/>
        </Bookmarks>
        <Loaded Value="True"/>
        <LoadedDesigner Value="True"/>
      </Unit1>
      <Unit2>
        <Filename Value="/usr/lib/lazarus/0.9.30.2/lcl/lclclasses.pp"/>
        <UnitName Value="LCLClasses"/>
        <WindowIndex Value="0"/>
        <TopLine Value="32"/>
        <CursorPos X="10" Y="32"/>
        <UsageCount Value="7"/>
      </Unit2>
      <Unit3>
        <Filename Value=""/>
        <UsageCount Value="7"/>
        <DefaultSyntaxHighlighter Value="None"/>
      </Unit3>
      <Unit4>
        <Filename Value="uCfgStorage.pas"/>
        <IsPartOfProject Value="True"/>
        <UnitName Value="uCfgStorage"/>
        <EditorIndex Value="5"/>
        <WindowIndex Value="0"/>
        <TopLine Value="152"/>
        <CursorPos X="3" Y="180"/>
        <UsageCount Value="54"/>
        <Loaded Value="True"/>
      </Unit4>
      <Unit5>
        <Filename Value="dData.pas"/>
        <IsPartOfProject Value="True"/>
        <ComponentName Value="dmData"/>
        <ResourceBaseClass Value="DataModule"/>
        <UnitName Value="dData"/>
        <EditorIndex Value="3"/>
        <WindowIndex Value="0"/>
        <TopLine Value="1"/>
        <CursorPos X="15" Y="14"/>
        <UsageCount Value="25"/>
        <Loaded Value="True"/>
        <LoadedDesigner Value="True"/>
      </Unit5>
      <Unit6>
        <Filename Value="dUtils.pas"/>
        <IsPartOfProject Value="True"/>
        <ComponentName Value="dmUtils"/>
        <ResourceBaseClass Value="DataModule"/>
        <UnitName Value="dUtils"/>
        <EditorIndex Value="4"/>
        <WindowIndex Value="0"/>
        <TopLine Value="1"/>
        <CursorPos X="1" Y="1"/>
        <UsageCount Value="25"/>
        <Loaded Value="True"/>
        <LoadedDesigner Value="True"/>
      </Unit6>
      <Unit7>
        <Filename Value="fCommonLocal.pas"/>
        <IsPartOfProject Value="True"/>
        <ComponentName Value="frmCommonLocal"/>
        <ResourceBaseClass Value="Form"/>
        <UnitName Value="fCommonLocal"/>
        <IsVisibleTab Value="True"/>
        <EditorIndex Value="1"/>
        <WindowIndex Value="0"/>
        <TopLine Value="76"/>
        <CursorPos X="25" Y="89"/>
        <UsageCount Value="25"/>
        <Loaded Value="True"/>
        <LoadedDesigner Value="True"/>
      </Unit7>
      <Unit8>
        <Filename Value="/usr/share/fpcsrc/2.4.4/packages/fcl-base/src/inifiles.pp"/>
        <UnitName Value="IniFiles"/>
        <WindowIndex Value="0"/>
        <TopLine Value="1"/>
        <CursorPos X="1" Y="1"/>
        <UsageCount Value="10"/>
      </Unit8>
      <Unit9>
        <Filename Value="fCommonGlobal.pas"/>
        <IsPartOfProject Value="True"/>
        <ComponentName Value="frmCommonGlobal"/>
        <ResourceBaseClass Value="Form"/>
        <UnitName Value="fCommonGlobal"/>
        <EditorIndex Value="2"/>
        <WindowIndex Value="0"/>
        <TopLine Value="28"/>
        <CursorPos X="57" Y="45"/>
        <UsageCount Value="20"/>
        <Loaded Value="True"/>
        <LoadedDesigner Value="True"/>
      </Unit9>
    </Units>
    <JumpHistory Count="18" HistoryIndex="17">
      <Position1>
        <Filename Value="uCfgStorage.pas"/>
        <Caret Line="74" Column="1" TopLine="57"/>
      </Position1>
      <Position2>
        <Filename Value="uCfgStorage.pas"/>
        <Caret Line="75" Column="1" TopLine="57"/>
      </Position2>
      <Position3>
        <Filename Value="uCfgStorage.pas"/>
        <Caret Line="63" Column="25" TopLine="57"/>
      </Position3>
      <Position4>
        <Filename Value="uCfgStorage.pas"/>
        <Caret Line="156" Column="14" TopLine="152"/>
      </Position4>
      <Position5>
        <Filename Value="uCfgStorage.pas"/>
        <Caret Line="26" Column="40" TopLine="9"/>
      </Position5>
      <Position6>
        <Filename Value="uCfgStorage.pas"/>
        <Caret Line="71" Column="1" TopLine="39"/>
      </Position6>
      <Position7>
        <Filename Value="uCfgStorage.pas"/>
        <Caret Line="106" Column="1" TopLine="106"/>
      </Position7>
      <Position8>
        <Filename Value="uCfgStorage.pas"/>
        <Caret Line="174" Column="19" TopLine="146"/>
      </Position8>
      <Position9>
        <Filename Value="uCfgStorage.pas"/>
        <Caret Line="164" Column="17" TopLine="147"/>
      </Position9>
      <Position10>
        <Filename Value="fmain.pas"/>
        <Caret Line="137" Column="28" TopLine="104"/>
      </Position10>
      <Position11>
        <Filename Value="fCommonLocal.pas"/>
        <Caret Line="5" Column="1" TopLine="1"/>
      </Position11>
      <Position12>
        <Filename Value="fCommonGlobal.pas"/>
        <Caret Line="16" Column="19" TopLine="1"/>
      </Position12>
      <Position13>
        <Filename Value="fCommonGlobal.pas"/>
        <Caret Line="36" Column="11" TopLine="12"/>
      </Position13>
      <Position14>
        <Filename Value="fCommonGlobal.pas"/>
        <Caret Line="92" Column="27" TopLine="64"/>
      </Position14>
      <Position15>
        <Filename Value="cqrtest.lpr"/>
        <Caret Line="10" Column="72" TopLine="1"/>
      </Position15>
      <Position16>
        <Filename Value="fCommonGlobal.pas"/>
        <Caret Line="22" Column="23" TopLine="11"/>
      </Position16>
      <Position17>
        <Filename Value="fCommonGlobal.pas"/>
        <Caret Line="24" Column="32" TopLine="1"/>
      </Position17>
      <Position18>
        <Filename Value="fmain.pas"/>
        <Caret Line="24" Column="12" TopLine="18"/>
      </Position18>
    </JumpHistory>
  </ProjectOptions>
  <CompilerOptions>
    <Version Value="9"/>
    <Target>
      <Filename Value="cqrtest"/>
    </Target>
    <SearchPaths>
      <IncludeFiles Value="$(ProjOutDir)"/>
      <UnitOutputDirectory Value="lib/$(TargetCPU)-$(TargetOS)"/>
    </SearchPaths>
    <Linking>
      <Options>
        <Win32>
          <GraphicApplication Value="True"/>
        </Win32>
      </Options>
    </Linking>
    <Other>
      <CompilerMessages>
        <UseMsgFile Value="True"/>
      </CompilerMessages>
      <CompilerPath Value="$(CompPath)"/>
    </Other>
  </CompilerOptions>
  <Debugging>
    <Exceptions Count="3">
      <Item1>
        <Name Value="EAbort"/>
      </Item1>
      <Item2>
        <Name Value="ECodetoolError"/>
      </Item2>
      <Item3>
        <Name Value="EFOpenError"/>
      </Item3>
    </Exceptions>
  </Debugging>
</CONFIG>
