<?xml version="1.0"?>
<CONFIG>
  <ProjectOptions>
    <Version Value="9"/>
    <General>
      <MainUnit Value="0"/>
      <ResourceType Value="res"/>
      <UseXPManifest Value="True"/>
      <Icon Value="0"/>
      <ActiveWindowIndexAtStart Value="0"/>
    </General>
    <i18n>
      <EnableI18N LFM="False"/>
    </i18n>
    <VersionInfo>
      <StringTable ProductVersion=""/>
    </VersionInfo>
    <BuildModes Count="1" Active="Default">
      <Item1 Name="Default" Default="True"/>
    </BuildModes>
    <PublishOptions>
      <Version Value="2"/>
      <IncludeFileFilter Value="*.(pas|pp|inc|lfm|lpr|lrs|lpi|lpk|sh|xml)"/>
      <ExcludeFileFilter Value="*.(bak|ppu|o|so);*~;backup"/>
    </PublishOptions>
    <RunParams>
      <local>
        <FormatVersion Value="1"/>
        <LaunchingApplication PathPlusParams="/usr/bin/xterm -T 'Lazarus Run Output' -e $(LazarusDir)/tools/runwait.sh $(TargetCmdLine)"/>
      </local>
    </RunParams>
    <RequiredPackages Count="3">
      <Item1>
        <PackageName Value="FCL"/>
        <MinVersion Major="1" Valid="True"/>
      </Item1>
      <Item2>
        <PackageName Value="SQLDBLaz"/>
        <MinVersion Major="1" Release="1" Valid="True"/>
      </Item2>
      <Item3>
        <PackageName Value="LCL"/>
      </Item3>
    </RequiredPackages>
    <Units Count="42">
      <Unit0>
        <Filename Value="cqrtest.lpr"/>
        <IsPartOfProject Value="True"/>
        <UnitName Value="cqrtest"/>
        <WindowIndex Value="0"/>
        <TopLine Value="1"/>
        <CursorPos X="12" Y="6"/>
        <UsageCount Value="117"/>
      </Unit0>
      <Unit1>
        <Filename Value="fmain.pas"/>
        <IsPartOfProject Value="True"/>
        <ComponentName Value="frmMain"/>
        <ResourceBaseClass Value="Form"/>
        <UnitName Value="fMain"/>
        <EditorIndex Value="0"/>
        <WindowIndex Value="0"/>
        <TopLine Value="103"/>
        <CursorPos X="134" Y="112"/>
        <UsageCount Value="117"/>
        <Loaded Value="True"/>
        <LoadedDesigner Value="True"/>
      </Unit1>
      <Unit2>
        <Filename Value="/usr/lib/lazarus/0.9.30.2/lcl/lclclasses.pp"/>
        <UnitName Value="LCLClasses"/>
        <WindowIndex Value="0"/>
        <TopLine Value="32"/>
        <CursorPos X="10" Y="32"/>
        <UsageCount Value="3"/>
      </Unit2>
      <Unit3>
        <Filename Value=""/>
        <UsageCount Value="3"/>
        <DefaultSyntaxHighlighter Value="None"/>
      </Unit3>
      <Unit4>
        <Filename Value="uCfgStorage.pas"/>
        <IsPartOfProject Value="True"/>
        <UnitName Value="uCfgStorage"/>
        <WindowIndex Value="0"/>
        <TopLine Value="1"/>
        <CursorPos X="17" Y="1"/>
        <UsageCount Value="111"/>
      </Unit4>
      <Unit5>
        <Filename Value="dData.pas"/>
        <IsPartOfProject Value="True"/>
        <ComponentName Value="dmData"/>
        <ResourceBaseClass Value="DataModule"/>
        <UnitName Value="dData"/>
        <EditorIndex Value="1"/>
        <WindowIndex Value="0"/>
        <TopLine Value="49"/>
        <CursorPos X="55" Y="63"/>
        <UsageCount Value="82"/>
        <Loaded Value="True"/>
        <LoadedDesigner Value="True"/>
      </Unit5>
      <Unit6>
        <Filename Value="dUtils.pas"/>
        <IsPartOfProject Value="True"/>
        <ComponentName Value="dmUtils"/>
        <ResourceBaseClass Value="DataModule"/>
        <UnitName Value="dUtils"/>
        <EditorIndex Value="9"/>
        <WindowIndex Value="0"/>
        <TopLine Value="33"/>
        <CursorPos X="33" Y="33"/>
        <UsageCount Value="82"/>
        <Loaded Value="True"/>
        <LoadedDesigner Value="True"/>
      </Unit6>
      <Unit7>
        <Filename Value="fCommonLocal.pas"/>
        <IsPartOfProject Value="True"/>
        <ComponentName Value="frmCommonLocal"/>
        <ResourceBaseClass Value="Form"/>
        <UnitName Value="fCommonLocal"/>
        <EditorIndex Value="8"/>
        <WindowIndex Value="0"/>
        <TopLine Value="1"/>
        <CursorPos X="3" Y="14"/>
        <UsageCount Value="82"/>
        <Loaded Value="True"/>
      </Unit7>
      <Unit8>
        <Filename Value="/usr/share/fpcsrc/2.4.4/packages/fcl-base/src/inifiles.pp"/>
        <UnitName Value="IniFiles"/>
        <WindowIndex Value="0"/>
        <TopLine Value="125"/>
        <CursorPos X="75" Y="153"/>
        <UsageCount Value="6"/>
      </Unit8>
      <Unit9>
        <Filename Value="fCommonGlobal.pas"/>
        <IsPartOfProject Value="True"/>
        <ComponentName Value="frmCommonGlobal"/>
        <ResourceBaseClass Value="Form"/>
        <UnitName Value="fCommonGlobal"/>
        <WindowIndex Value="0"/>
        <TopLine Value="28"/>
        <CursorPos X="26" Y="45"/>
        <UsageCount Value="77"/>
      </Unit9>
      <Unit10>
        <Filename Value="fDBConnect.lfm"/>
        <WindowIndex Value="0"/>
        <TopLine Value="1"/>
        <CursorPos X="1" Y="1"/>
        <UsageCount Value="6"/>
        <DefaultSyntaxHighlighter Value="LFM"/>
      </Unit10>
      <Unit11>
        <Filename Value="fDBConnect.pas"/>
        <IsPartOfProject Value="True"/>
        <ComponentName Value="frmDBConnect"/>
        <HasResources Value="True"/>
        <ResourceBaseClass Value="Form"/>
        <UnitName Value="fDBConnect"/>
        <WindowIndex Value="0"/>
        <TopLine Value="277"/>
        <CursorPos X="26" Y="286"/>
        <UsageCount Value="77"/>
        <Bookmarks Count="1">
          <Item0 X="3" Y="365" ID="2"/>
        </Bookmarks>
      </Unit11>
      <Unit12>
        <Filename Value="/usr/lib/lazarus/0.9.30.2/lcl/include/customform.inc"/>
        <WindowIndex Value="0"/>
        <TopLine Value="2093"/>
        <CursorPos X="1" Y="2112"/>
        <UsageCount Value="7"/>
      </Unit12>
      <Unit13>
        <Filename Value="mysql/mysql.inc"/>
        <WindowIndex Value="0"/>
        <TopLine Value="290"/>
        <CursorPos X="1" Y="290"/>
        <UsageCount Value="6"/>
      </Unit13>
      <Unit14>
        <Filename Value="mysql/mysql55dyn.pp"/>
        <UnitName Value="mysql55dyn"/>
        <WindowIndex Value="0"/>
        <TopLine Value="1"/>
        <CursorPos X="7" Y="10"/>
        <UsageCount Value="6"/>
      </Unit14>
      <Unit15>
        <Filename Value="mysql/mysql55conn.pas"/>
        <UnitName Value="mysql55conn"/>
        <WindowIndex Value="0"/>
        <TopLine Value="1"/>
        <CursorPos X="11" Y="11"/>
        <UsageCount Value="6"/>
      </Unit15>
      <Unit16>
        <Filename Value="mysql/mysqlconn.inc"/>
        <WindowIndex Value="0"/>
        <TopLine Value="147"/>
        <CursorPos X="1" Y="147"/>
        <UsageCount Value="6"/>
      </Unit16>
      <Unit17>
        <Filename Value="/usr/share/fpcsrc/2.4.4/packages/fcl-process/src/process.pp"/>
        <UnitName Value="process"/>
        <WindowIndex Value="0"/>
        <TopLine Value="93"/>
        <CursorPos X="14" Y="110"/>
        <UsageCount Value="8"/>
      </Unit17>
      <Unit18>
        <Filename Value="/usr/share/fpcsrc/2.4.4/packages/fcl-process/src/unix/process.inc"/>
        <WindowIndex Value="0"/>
        <TopLine Value="416"/>
        <CursorPos X="3" Y="430"/>
        <UsageCount Value="7"/>
      </Unit18>
      <Unit19>
        <Filename Value="/usr/share/fpcsrc/2.4.4/rtl/unix/bunxh.inc"/>
        <WindowIndex Value="0"/>
        <TopLine Value="48"/>
        <CursorPos X="15" Y="65"/>
        <UsageCount Value="6"/>
      </Unit19>
      <Unit20>
        <Filename Value="/usr/lib/lazarus/0.9.30.2/lcl/include/control.inc"/>
        <WindowIndex Value="0"/>
        <TopLine Value="2273"/>
        <CursorPos X="67" Y="2291"/>
        <UsageCount Value="6"/>
      </Unit20>
      <Unit21>
        <Filename Value="../../cqrlog/src/fPreferences.pas"/>
        <ComponentName Value="frmPreferences"/>
        <HasResources Value="True"/>
        <ResourceBaseClass Value="Form"/>
        <UnitName Value="fPreferences"/>
        <WindowIndex Value="0"/>
        <TopLine Value="2171"/>
        <CursorPos X="60" Y="2173"/>
        <UsageCount Value="18"/>
      </Unit21>
      <Unit22>
        <Filename Value="fGlobalSettings.pas"/>
        <IsPartOfProject Value="True"/>
        <ComponentName Value="frmGlobalSettings"/>
        <ResourceBaseClass Value="Form"/>
        <UnitName Value="fGlobalSettings"/>
        <WindowIndex Value="0"/>
        <TopLine Value="256"/>
        <CursorPos X="29" Y="268"/>
        <UsageCount Value="70"/>
      </Unit22>
      <Unit23>
        <Filename Value="frstation.pas"/>
        <IsPartOfProject Value="True"/>
        <ComponentName Value="fraStation"/>
        <ResourceBaseClass Value="Frame"/>
        <UnitName Value="frStation"/>
        <WindowIndex Value="0"/>
        <TopLine Value="34"/>
        <CursorPos X="60" Y="56"/>
        <UsageCount Value="68"/>
      </Unit23>
      <Unit24>
        <Filename Value="frbands.pas"/>
        <IsPartOfProject Value="True"/>
        <ComponentName Value="fraBands"/>
        <ResourceBaseClass Value="Frame"/>
        <UnitName Value="frBands"/>
        <WindowIndex Value="0"/>
        <TopLine Value="1"/>
        <CursorPos X="1" Y="28"/>
        <UsageCount Value="67"/>
      </Unit24>
      <Unit25>
        <Filename Value="frVisibleColumns.pas"/>
        <IsPartOfProject Value="True"/>
        <ComponentName Value="fraVisibleColumns"/>
        <ResourceBaseClass Value="Frame"/>
        <UnitName Value="frVisibleColumns"/>
        <WindowIndex Value="0"/>
        <TopLine Value="58"/>
        <CursorPos X="59" Y="91"/>
        <UsageCount Value="66"/>
      </Unit25>
      <Unit26>
        <Filename Value="fabout.pas"/>
        <IsPartOfProject Value="True"/>
        <ComponentName Value="frmAbout"/>
        <ResourceBaseClass Value="Form"/>
        <UnitName Value="fAbout"/>
        <EditorIndex Value="6"/>
        <WindowIndex Value="0"/>
        <TopLine Value="1"/>
        <CursorPos X="52" Y="22"/>
        <UsageCount Value="64"/>
        <Loaded Value="True"/>
        <LoadedDesigner Value="True"/>
      </Unit26>
      <Unit27>
        <Filename Value="fGrayline.pas"/>
        <IsPartOfProject Value="True"/>
        <ComponentName Value="frmGrayline"/>
        <HasResources Value="True"/>
        <ResourceBaseClass Value="Form"/>
        <UnitName Value="fGrayline"/>
        <WindowIndex Value="0"/>
        <TopLine Value="41"/>
        <CursorPos X="62" Y="50"/>
        <UsageCount Value="59"/>
      </Unit27>
      <Unit28>
        <Filename Value="gline2.pas"/>
        <UnitName Value="gline2"/>
        <WindowIndex Value="0"/>
        <TopLine Value="415"/>
        <CursorPos X="1" Y="431"/>
        <UsageCount Value="9"/>
      </Unit28>
      <Unit29>
        <Filename Value="fImportProgress.pas"/>
        <IsPartOfProject Value="True"/>
        <HasResources Value="True"/>
        <UnitName Value="fImportProgress"/>
        <WindowIndex Value="0"/>
        <TopLine Value="255"/>
        <CursorPos X="82" Y="285"/>
        <UsageCount Value="59"/>
      </Unit29>
      <Unit30>
        <Filename Value="httpsend.pas"/>
        <UnitName Value="httpsend"/>
        <WindowIndex Value="0"/>
        <TopLine Value="45"/>
        <CursorPos X="3" Y="61"/>
        <UsageCount Value="9"/>
      </Unit30>
      <Unit31>
        <Filename Value="blcksock.pas"/>
        <UnitName Value="blcksock"/>
        <WindowIndex Value="0"/>
        <TopLine Value="76"/>
        <CursorPos X="1" Y="91"/>
        <UsageCount Value="8"/>
      </Unit31>
      <Unit32>
        <Filename Value="synsock.pas"/>
        <UnitName Value="synsock"/>
        <WindowIndex Value="0"/>
        <TopLine Value="36"/>
        <CursorPos X="6" Y="59"/>
        <UsageCount Value="8"/>
      </Unit32>
      <Unit33>
        <Filename Value="dDXCC.pas"/>
        <IsPartOfProject Value="True"/>
        <ComponentName Value="dmDXCC"/>
        <ResourceBaseClass Value="DataModule"/>
        <UnitName Value="dDXCC"/>
        <EditorIndex Value="3"/>
        <WindowIndex Value="0"/>
        <TopLine Value="44"/>
        <CursorPos X="24" Y="55"/>
        <UsageCount Value="56"/>
        <Loaded Value="True"/>
        <LoadedDesigner Value="True"/>
      </Unit33>
      <Unit34>
        <Filename Value="fBandMapRig1VfoA.pas"/>
        <IsPartOfProject Value="True"/>
        <ComponentName Value="frmBandMapRig1VfoA"/>
        <HasResources Value="True"/>
        <ResourceBaseClass Value="Form"/>
        <UnitName Value="fBandMapRig1VfoA"/>
        <IsVisibleTab Value="True"/>
        <EditorIndex Value="5"/>
        <WindowIndex Value="0"/>
        <TopLine Value="83"/>
        <CursorPos X="15" Y="109"/>
        <UsageCount Value="50"/>
        <Bookmarks Count="1">
          <Item0 X="13" Y="478" ID="2"/>
        </Bookmarks>
        <Loaded Value="True"/>
        <LoadedDesigner Value="True"/>
      </Unit34>
      <Unit35>
        <Filename Value="jakozememo.pas"/>
        <IsPartOfProject Value="True"/>
        <UnitName Value="jakozememo"/>
        <EditorIndex Value="7"/>
        <WindowIndex Value="0"/>
        <TopLine Value="191"/>
        <CursorPos X="1" Y="206"/>
        <UsageCount Value="50"/>
        <Loaded Value="True"/>
      </Unit35>
      <Unit36>
        <Filename Value="znacmech.pas"/>
        <UnitName Value="znacmech"/>
        <WindowIndex Value="0"/>
        <TopLine Value="1"/>
        <CursorPos X="1" Y="24"/>
        <UsageCount Value="9"/>
      </Unit36>
      <Unit37>
        <Filename Value="fDXCluster.pas"/>
        <IsPartOfProject Value="True"/>
        <ComponentName Value="frmDXCluster"/>
        <HasResources Value="True"/>
        <ResourceBaseClass Value="Form"/>
        <UnitName Value="fDXCluster"/>
        <EditorIndex Value="4"/>
        <WindowIndex Value="0"/>
        <TopLine Value="299"/>
        <CursorPos X="22" Y="307"/>
        <UsageCount Value="47"/>
        <Bookmarks Count="1">
          <Item0 X="3" Y="348" ID="1"/>
        </Bookmarks>
        <Loaded Value="True"/>
        <LoadedDesigner Value="True"/>
      </Unit37>
      <Unit38>
        <Filename Value="fDXClusterList.pas"/>
        <IsPartOfProject Value="True"/>
        <ComponentName Value="frmDXClusterList"/>
        <HasResources Value="True"/>
        <ResourceBaseClass Value="Form"/>
        <UnitName Value="fDXClusterList"/>
        <WindowIndex Value="0"/>
        <TopLine Value="120"/>
        <CursorPos X="48" Y="137"/>
        <UsageCount Value="47"/>
        <Bookmarks Count="1">
          <Item0 X="3" Y="73" ID="1"/>
        </Bookmarks>
      </Unit38>
      <Unit39>
        <Filename Value="fNewDXCluster.pas"/>
        <IsPartOfProject Value="True"/>
        <HasResources Value="True"/>
        <UnitName Value="fNewDXCluster"/>
        <WindowIndex Value="0"/>
        <TopLine Value="15"/>
        <CursorPos X="1" Y="45"/>
        <UsageCount Value="47"/>
      </Unit39>
      <Unit40>
        <Filename Value="../../cqrlog/src/dData.pas"/>
        <ComponentName Value="dmData"/>
        <HasResources Value="True"/>
        <ResourceBaseClass Value="DataModule"/>
        <UnitName Value="dData"/>
        <EditorIndex Value="2"/>
        <WindowIndex Value="0"/>
        <TopLine Value="61"/>
        <CursorPos X="1" Y="61"/>
        <UsageCount Value="22"/>
        <Loaded Value="True"/>
        <LoadedDesigner Value="True"/>
      </Unit40>
      <Unit41>
        <Filename Value="fNewLog.pas"/>
        <IsPartOfProject Value="True"/>
        <ComponentName Value="frmNewLog"/>
        <HasResources Value="True"/>
        <ResourceBaseClass Value="Form"/>
        <UnitName Value="fNewLog"/>
        <WindowIndex Value="0"/>
        <TopLine Value="1"/>
        <CursorPos X="34" Y="9"/>
        <UsageCount Value="43"/>
      </Unit41>
    </Units>
    <JumpHistory Count="30" HistoryIndex="29">
      <Position1>
        <Filename Value="fDXCluster.pas"/>
        <Caret Line="228" Column="12" TopLine="203"/>
      </Position1>
      <Position2>
        <Filename Value="fDXCluster.pas"/>
        <Caret Line="230" Column="12" TopLine="205"/>
      </Position2>
      <Position3>
        <Filename Value="fDXCluster.pas"/>
        <Caret Line="287" Column="10" TopLine="262"/>
      </Position3>
      <Position4>
        <Filename Value="fDXCluster.pas"/>
        <Caret Line="288" Column="10" TopLine="263"/>
      </Position4>
      <Position5>
        <Filename Value="fDXCluster.pas"/>
        <Caret Line="289" Column="10" TopLine="264"/>
      </Position5>
      <Position6>
        <Filename Value="fDXCluster.pas"/>
        <Caret Line="290" Column="10" TopLine="265"/>
      </Position6>
      <Position7>
        <Filename Value="fDXCluster.pas"/>
        <Caret Line="291" Column="10" TopLine="266"/>
      </Position7>
      <Position8>
        <Filename Value="fDXCluster.pas"/>
        <Caret Line="326" Column="10" TopLine="301"/>
      </Position8>
      <Position9>
        <Filename Value="fDXCluster.pas"/>
        <Caret Line="327" Column="10" TopLine="302"/>
      </Position9>
      <Position10>
        <Filename Value="fDXCluster.pas"/>
        <Caret Line="328" Column="10" TopLine="303"/>
      </Position10>
      <Position11>
        <Filename Value="fDXCluster.pas"/>
        <Caret Line="329" Column="10" TopLine="304"/>
      </Position11>
      <Position12>
        <Filename Value="fDXCluster.pas"/>
        <Caret Line="330" Column="10" TopLine="305"/>
      </Position12>
      <Position13>
        <Filename Value="fDXCluster.pas"/>
        <Caret Line="554" Column="12" TopLine="529"/>
      </Position13>
      <Position14>
        <Filename Value="fDXCluster.pas"/>
        <Caret Line="589" Column="14" TopLine="564"/>
      </Position14>
      <Position15>
        <Filename Value="fDXCluster.pas"/>
        <Caret Line="591" Column="14" TopLine="566"/>
      </Position15>
      <Position16>
        <Filename Value="fDXCluster.pas"/>
        <Caret Line="593" Column="14" TopLine="568"/>
      </Position16>
      <Position17>
        <Filename Value="fDXCluster.pas"/>
        <Caret Line="596" Column="14" TopLine="571"/>
      </Position17>
      <Position18>
        <Filename Value="fDXCluster.pas"/>
        <Caret Line="654" Column="1" TopLine="629"/>
      </Position18>
      <Position19>
        <Filename Value="fDXCluster.pas"/>
        <Caret Line="663" Column="1" TopLine="636"/>
      </Position19>
      <Position20>
        <Filename Value="fDXCluster.pas"/>
        <Caret Line="744" Column="12" TopLine="719"/>
      </Position20>
      <Position21>
        <Filename Value="fDXCluster.pas"/>
        <Caret Line="776" Column="10" TopLine="751"/>
      </Position21>
      <Position22>
        <Filename Value="fDXCluster.pas"/>
        <Caret Line="779" Column="111" TopLine="761"/>
      </Position22>
      <Position23>
        <Filename Value="fDXCluster.pas"/>
        <Caret Line="826" Column="20" TopLine="799"/>
      </Position23>
      <Position24>
        <Filename Value="fDXCluster.pas"/>
        <Caret Line="623" Column="3" TopLine="608"/>
      </Position24>
      <Position25>
        <Filename Value="fDXCluster.pas"/>
        <Caret Line="631" Column="23" TopLine="608"/>
      </Position25>
      <Position26>
        <Filename Value="fDXCluster.pas"/>
        <Caret Line="837" Column="38" TopLine="812"/>
      </Position26>
      <Position27>
        <Filename Value="fDXCluster.pas"/>
        <Caret Line="632" Column="3" TopLine="617"/>
      </Position27>
      <Position28>
        <Filename Value="fDXCluster.pas"/>
        <Caret Line="837" Column="1" TopLine="812"/>
      </Position28>
      <Position29>
        <Filename Value="fDXCluster.pas"/>
        <Caret Line="660" Column="19" TopLine="642"/>
      </Position29>
      <Position30>
        <Filename Value="fDXCluster.pas"/>
        <Caret Line="306" Column="1" TopLine="294"/>
      </Position30>
    </JumpHistory>
  </ProjectOptions>
  <CompilerOptions>
    <Version Value="9"/>
    <Target>
      <Filename Value="cqrtest"/>
    </Target>
    <SearchPaths>
      <IncludeFiles Value="$(ProjOutDir)"/>
      <OtherUnitFiles Value="mysql;lnet/lib"/>
      <UnitOutputDirectory Value="lib/$(TargetCPU)-$(TargetOS)"/>
    </SearchPaths>
    <Linking>
      <Options>
        <Win32>
          <GraphicApplication Value="True"/>
        </Win32>
      </Options>
    </Linking>
    <Other>
      <CompilerMessages>
        <UseMsgFile Value="True"/>
      </CompilerMessages>
      <CompilerPath Value="$(CompPath)"/>
    </Other>
  </CompilerOptions>
  <Debugging>
    <Exceptions Count="3">
      <Item1>
        <Name Value="EAbort"/>
      </Item1>
      <Item2>
        <Name Value="ECodetoolError"/>
      </Item2>
      <Item3>
        <Name Value="EFOpenError"/>
      </Item3>
    </Exceptions>
  </Debugging>
</CONFIG>
